
Microsoft Visual Studio Solution File, Format Version 12.00
Project("{2150E333-8FDC-42A3-9474-1A3956D46DE8}") = "AccessModifiers", "AccessModifiers", "{16E09E7B-F3DF-4983-BAF8-1EAF039D7545}"
EndProject
Project("{FAE04EC0-301F-11D3-BF4B-00C04F79EFBC}") = "Assembly1", "AccessModifiers\Assembly1\Assembly1.csproj", "{3AE6B600-7CDE-4B90-AF15-A4194C74CA43}"
EndProject
Project("{FAE04EC0-301F-11D3-BF4B-00C04F79EFBC}") = "Assembly2", "AccessModifiers\Assembly2\Assembly2.csproj", "{875F863C-3090-4AFC-8FB6-81BE1290AEC1}"
EndProject
Project("{2150E333-8FDC-42A3-9474-1A3956D46DE8}") = "OOP", "OOP", "{08B92F20-31AB-472F-B38F-B97C93BFE551}"
EndProject
Project("{FAE04EC0-301F-11D3-BF4B-00C04F79EFBC}") = "Abstraction", "OOP\Abstraction\Abstraction.csproj", "{8935E5E2-E7EB-4F99-AB58-B798819C5217}"
EndProject
Project("{FAE04EC0-301F-11D3-BF4B-00C04F79EFBC}") = "Encapsulation", "OOP\Encapsulation\Encapsulation.csproj", "{58E84312-DB83-42CA-A92D-25E388F90787}"
EndProject
Project("{FAE04EC0-301F-11D3-BF4B-00C04F79EFBC}") = "Inheritance_Polymorphism", "OOP\Inheritance_Polymorphism\Inheritance_Polymorphism.csproj", "{CB41C5DE-2392-4F65-855F-D423BCED611C}"
EndProject
Project("{2150E333-8FDC-42A3-9474-1A3956D46DE8}") = "LeetCode", "LeetCode", "{190F05DD-F82D-4E74-BB58-6E7C083AE01D}"
EndProject
Project("{FAE04EC0-301F-11D3-BF4B-00C04F79EFBC}") = "Contains_Duplicate_217", "LeetCode\Contains_Duplicate_217\Contains_Duplicate_217.csproj", "{49CD5039-D4DA-470C-BC35-4F27C522F742}"
EndProject
Project("{FAE04EC0-301F-11D3-BF4B-00C04F79EFBC}") = "Valid_anagram_242", "LeetCode\Valid_anagram_242\Valid_anagram_242.csproj", "{38BB5C25-7F45-4407-85FC-A06F38D685A4}"
EndProject
Project("{FAE04EC0-301F-11D3-BF4B-00C04F79EFBC}") = "Two_Sum_1", "LeetCode\Two_Sum_1\Two_Sum_1.csproj", "{542567CE-10DB-43ED-BA70-2DA25BA78926}"
EndProject
Global
	GlobalSection(SolutionConfigurationPlatforms) = preSolution
		Debug|Any CPU = Debug|Any CPU
		Release|Any CPU = Release|Any CPU
	EndGlobalSection
	GlobalSection(ProjectConfigurationPlatforms) = postSolution
		{3AE6B600-7CDE-4B90-AF15-A4194C74CA43}.Debug|Any CPU.ActiveCfg = Debug|Any CPU
		{3AE6B600-7CDE-4B90-AF15-A4194C74CA43}.Debug|Any CPU.Build.0 = Debug|Any CPU
		{3AE6B600-7CDE-4B90-AF15-A4194C74CA43}.Release|Any CPU.ActiveCfg = Release|Any CPU
		{3AE6B600-7CDE-4B90-AF15-A4194C74CA43}.Release|Any CPU.Build.0 = Release|Any CPU
		{875F863C-3090-4AFC-8FB6-81BE1290AEC1}.Debug|Any CPU.ActiveCfg = Debug|Any CPU
		{875F863C-3090-4AFC-8FB6-81BE1290AEC1}.Debug|Any CPU.Build.0 = Debug|Any CPU
		{875F863C-3090-4AFC-8FB6-81BE1290AEC1}.Release|Any CPU.ActiveCfg = Release|Any CPU
		{875F863C-3090-4AFC-8FB6-81BE1290AEC1}.Release|Any CPU.Build.0 = Release|Any CPU
		{8935E5E2-E7EB-4F99-AB58-B798819C5217}.Debug|Any CPU.ActiveCfg = Debug|Any CPU
		{8935E5E2-E7EB-4F99-AB58-B798819C5217}.Debug|Any CPU.Build.0 = Debug|Any CPU
		{8935E5E2-E7EB-4F99-AB58-B798819C5217}.Release|Any CPU.ActiveCfg = Release|Any CPU
		{8935E5E2-E7EB-4F99-AB58-B798819C5217}.Release|Any CPU.Build.0 = Release|Any CPU
		{58E84312-DB83-42CA-A92D-25E388F90787}.Debug|Any CPU.ActiveCfg = Debug|Any CPU
		{58E84312-DB83-42CA-A92D-25E388F90787}.Debug|Any CPU.Build.0 = Debug|Any CPU
		{58E84312-DB83-42CA-A92D-25E388F90787}.Release|Any CPU.ActiveCfg = Release|Any CPU
		{58E84312-DB83-42CA-A92D-25E388F90787}.Release|Any CPU.Build.0 = Release|Any CPU
		{CB41C5DE-2392-4F65-855F-D423BCED611C}.Debug|Any CPU.ActiveCfg = Debug|Any CPU
		{CB41C5DE-2392-4F65-855F-D423BCED611C}.Debug|Any CPU.Build.0 = Debug|Any CPU
		{CB41C5DE-2392-4F65-855F-D423BCED611C}.Release|Any CPU.ActiveCfg = Release|Any CPU
		{CB41C5DE-2392-4F65-855F-D423BCED611C}.Release|Any CPU.Build.0 = Release|Any CPU
		{49CD5039-D4DA-470C-BC35-4F27C522F742}.Debug|Any CPU.ActiveCfg = Debug|Any CPU
		{49CD5039-D4DA-470C-BC35-4F27C522F742}.Debug|Any CPU.Build.0 = Debug|Any CPU
		{49CD5039-D4DA-470C-BC35-4F27C522F742}.Release|Any CPU.ActiveCfg = Release|Any CPU
		{49CD5039-D4DA-470C-BC35-4F27C522F742}.Release|Any CPU.Build.0 = Release|Any CPU
		{38BB5C25-7F45-4407-85FC-A06F38D685A4}.Debug|Any CPU.ActiveCfg = Debug|Any CPU
		{38BB5C25-7F45-4407-85FC-A06F38D685A4}.Debug|Any CPU.Build.0 = Debug|Any CPU
		{38BB5C25-7F45-4407-85FC-A06F38D685A4}.Release|Any CPU.ActiveCfg = Release|Any CPU
		{38BB5C25-7F45-4407-85FC-A06F38D685A4}.Release|Any CPU.Build.0 = Release|Any CPU
		{542567CE-10DB-43ED-BA70-2DA25BA78926}.Debug|Any CPU.ActiveCfg = Debug|Any CPU
		{542567CE-10DB-43ED-BA70-2DA25BA78926}.Debug|Any CPU.Build.0 = Debug|Any CPU
		{542567CE-10DB-43ED-BA70-2DA25BA78926}.Release|Any CPU.ActiveCfg = Release|Any CPU
		{542567CE-10DB-43ED-BA70-2DA25BA78926}.Release|Any CPU.Build.0 = Release|Any CPU
	EndGlobalSection
	GlobalSection(NestedProjects) = preSolution
		{3AE6B600-7CDE-4B90-AF15-A4194C74CA43} = {16E09E7B-F3DF-4983-BAF8-1EAF039D7545}
		{875F863C-3090-4AFC-8FB6-81BE1290AEC1} = {16E09E7B-F3DF-4983-BAF8-1EAF039D7545}
		{8935E5E2-E7EB-4F99-AB58-B798819C5217} = {08B92F20-31AB-472F-B38F-B97C93BFE551}
		{58E84312-DB83-42CA-A92D-25E388F90787} = {08B92F20-31AB-472F-B38F-B97C93BFE551}
		{CB41C5DE-2392-4F65-855F-D423BCED611C} = {08B92F20-31AB-472F-B38F-B97C93BFE551}
		{49CD5039-D4DA-470C-BC35-4F27C522F742} = {190F05DD-F82D-4E74-BB58-6E7C083AE01D}
		{38BB5C25-7F45-4407-85FC-A06F38D685A4} = {190F05DD-F82D-4E74-BB58-6E7C083AE01D}
		{542567CE-10DB-43ED-BA70-2DA25BA78926} = {190F05DD-F82D-4E74-BB58-6E7C083AE01D}
	EndGlobalSection
EndGlobal
