
Microsoft Visual Studio Solution File, Format Version 12.00
Project("{2150E333-8FDC-42A3-9474-1A3956D46DE8}") = "AccessModifiers", "AccessModifiers", "{16E09E7B-F3DF-4983-BAF8-1EAF039D7545}"
EndProject
Project("{FAE04EC0-301F-11D3-BF4B-00C04F79EFBC}") = "Assembly1", "AccessModifiers\Assembly1\Assembly1.csproj", "{3AE6B600-7CDE-4B90-AF15-A4194C74CA43}"
EndProject
Project("{FAE04EC0-301F-11D3-BF4B-00C04F79EFBC}") = "Assembly2", "AccessModifiers\Assembly2\Assembly2.csproj", "{875F863C-3090-4AFC-8FB6-81BE1290AEC1}"
EndProject
Project("{2150E333-8FDC-42A3-9474-1A3956D46DE8}") = "OOP", "OOP", "{08B92F20-31AB-472F-B38F-B97C93BFE551}"
EndProject
Project("{FAE04EC0-301F-11D3-BF4B-00C04F79EFBC}") = "Abstraction", "OOP\Abstraction\Abstraction.csproj", "{8935E5E2-E7EB-4F99-AB58-B798819C5217}"
EndProject
Project("{FAE04EC0-301F-11D3-BF4B-00C04F79EFBC}") = "Encapsulation", "OOP\Encapsulation\Encapsulation.csproj", "{58E84312-DB83-42CA-A92D-25E388F90787}"
EndProject
Project("{FAE04EC0-301F-11D3-BF4B-00C04F79EFBC}") = "Inheritance_Polymorphism", "OOP\Inheritance_Polymorphism\Inheritance_Polymorphism.csproj", "{CB41C5DE-2392-4F65-855F-D423BCED611C}"
EndProject
Project("{2150E333-8FDC-42A3-9474-1A3956D46DE8}") = "Ref_Out_In", "Ref_Out_In", "{21BDB707-4648-41E1-8F02-70731A68649F}"
EndProject
Project("{FAE04EC0-301F-11D3-BF4B-00C04F79EFBC}") = "Ref_Out_In", "Ref_Out_In\Ref_Out_In\Ref_Out_In.csproj", "{5120DE55-9E3D-4E71-A258-0B6FA9704148}"
EndProject
Project("{2150E333-8FDC-42A3-9474-1A3956D46DE8}") = "LeetCode", "LeetCode", "{190F05DD-F82D-4E74-BB58-6E7C083AE01D}"
EndProject
Project("{FAE04EC0-301F-11D3-BF4B-00C04F79EFBC}") = "Contains_Duplicate_217", "LeetCode\Contains_Duplicate_217\Contains_Duplicate_217.csproj", "{49CD5039-D4DA-470C-BC35-4F27C522F742}"
EndProject
Project("{FAE04EC0-301F-11D3-BF4B-00C04F79EFBC}") = "Valid_anagram_242", "LeetCode\Valid_anagram_242\Valid_anagram_242.csproj", "{38BB5C25-7F45-4407-85FC-A06F38D685A4}"
EndProject
Project("{FAE04EC0-301F-11D3-BF4B-00C04F79EFBC}") = "Two_Sum_1", "LeetCode\Two_Sum_1\Two_Sum_1.csproj", "{542567CE-10DB-43ED-BA70-2DA25BA78926}"
EndProject
Project("{FAE04EC0-301F-11D3-BF4B-00C04F79EFBC}") = "Group_Anagrams_49", "LeetCode\Group_Anagrams_49\Group_Anagrams_49.csproj", "{2EFF5411-9AC6-438B-8778-1929F126DC3D}"
EndProject
Project("{FAE04EC0-301F-11D3-BF4B-00C04F79EFBC}") = "Top_K_Frequent_Elements_347", "LeetCode\Top_K_Frequent_Elements_347\Top_K_Frequent_Elements_347.csproj", "{C517D788-005A-4BE1-A908-84F75C81288E}"
EndProject
Project("{FAE04EC0-301F-11D3-BF4B-00C04F79EFBC}") = "Find_Shortest_Path", "LeetCode\Find_Shortest_Path\Find_Shortest_Path.csproj", "{687A30BE-5F77-4D0C-A8B8-C96CCFE504C8}"
EndProject
Project("{FAE04EC0-301F-11D3-BF4B-00C04F79EFBC}") = "Encode_And_Decode_Strings_271", "LeetCode\Encode_And_Decode_Strings_271\Encode_And_Decode_Strings_271.csproj", "{F9EC389E-6764-4136-9C32-D04C353BB724}"
EndProject
Project("{2150E333-8FDC-42A3-9474-1A3956D46DE8}") = "DaftCode", "DaftCode", "{54A18D8C-EB92-4A7E-80B6-5D26B98F5BD5}"
EndProject
Project("{FAE04EC0-301F-11D3-BF4B-00C04F79EFBC}") = "OutOfMemory", "DaftCode\OutOfMemory\OutOfMemory.csproj", "{5A9F9144-AEC3-4E65-94F4-79A567CF1B97}"
EndProject
Project("{FAE04EC0-301F-11D3-BF4B-00C04F79EFBC}") = "Product_Of_Array_Except_Self_238", "LeetCode\Product_Of_Array_Except_Self_238\Product_Of_Array_Except_Self_238.csproj", "{FFB7EC01-8F6B-4F13-A375-E31D468F1D7E}"
EndProject
Project("{FAE04EC0-301F-11D3-BF4B-00C04F79EFBC}") = "Longest_Consecutive_Sequence_128", "LeetCode\Longest_Consecutive_Sequence_128\Longest_Consecutive_Sequence_128.csproj", "{0AF81A0B-3002-43F9-A0AF-730A129C83A4}"
EndProject
Project("{FAE04EC0-301F-11D3-BF4B-00C04F79EFBC}") = "Valid_Palindrome_125", "LeetCode\Valid_Palindrome_125\Valid_Palindrome_125.csproj", "{15B163F7-A178-444A-A38B-D8FBE22DA37C}"
EndProject
Project("{FAE04EC0-301F-11D3-BF4B-00C04F79EFBC}") = "3Sum_15", "LeetCode\3Sum_15\3Sum_15.csproj", "{50332126-7EAF-41DB-A12F-A8F7F1BE0385}"
EndProject
Global
	GlobalSection(SolutionConfigurationPlatforms) = preSolution
		Debug|Any CPU = Debug|Any CPU
		Release|Any CPU = Release|Any CPU
	EndGlobalSection
	GlobalSection(ProjectConfigurationPlatforms) = postSolution
		{3AE6B600-7CDE-4B90-AF15-A4194C74CA43}.Debug|Any CPU.ActiveCfg = Debug|Any CPU
		{3AE6B600-7CDE-4B90-AF15-A4194C74CA43}.Debug|Any CPU.Build.0 = Debug|Any CPU
		{3AE6B600-7CDE-4B90-AF15-A4194C74CA43}.Release|Any CPU.ActiveCfg = Release|Any CPU
		{3AE6B600-7CDE-4B90-AF15-A4194C74CA43}.Release|Any CPU.Build.0 = Release|Any CPU
		{875F863C-3090-4AFC-8FB6-81BE1290AEC1}.Debug|Any CPU.ActiveCfg = Debug|Any CPU
		{875F863C-3090-4AFC-8FB6-81BE1290AEC1}.Debug|Any CPU.Build.0 = Debug|Any CPU
		{875F863C-3090-4AFC-8FB6-81BE1290AEC1}.Release|Any CPU.ActiveCfg = Release|Any CPU
		{875F863C-3090-4AFC-8FB6-81BE1290AEC1}.Release|Any CPU.Build.0 = Release|Any CPU
		{8935E5E2-E7EB-4F99-AB58-B798819C5217}.Debug|Any CPU.ActiveCfg = Debug|Any CPU
		{8935E5E2-E7EB-4F99-AB58-B798819C5217}.Debug|Any CPU.Build.0 = Debug|Any CPU
		{8935E5E2-E7EB-4F99-AB58-B798819C5217}.Release|Any CPU.ActiveCfg = Release|Any CPU
		{8935E5E2-E7EB-4F99-AB58-B798819C5217}.Release|Any CPU.Build.0 = Release|Any CPU
		{58E84312-DB83-42CA-A92D-25E388F90787}.Debug|Any CPU.ActiveCfg = Debug|Any CPU
		{58E84312-DB83-42CA-A92D-25E388F90787}.Debug|Any CPU.Build.0 = Debug|Any CPU
		{58E84312-DB83-42CA-A92D-25E388F90787}.Release|Any CPU.ActiveCfg = Release|Any CPU
		{58E84312-DB83-42CA-A92D-25E388F90787}.Release|Any CPU.Build.0 = Release|Any CPU
		{CB41C5DE-2392-4F65-855F-D423BCED611C}.Debug|Any CPU.ActiveCfg = Debug|Any CPU
		{CB41C5DE-2392-4F65-855F-D423BCED611C}.Debug|Any CPU.Build.0 = Debug|Any CPU
		{CB41C5DE-2392-4F65-855F-D423BCED611C}.Release|Any CPU.ActiveCfg = Release|Any CPU
		{CB41C5DE-2392-4F65-855F-D423BCED611C}.Release|Any CPU.Build.0 = Release|Any CPU
		{5120DE55-9E3D-4E71-A258-0B6FA9704148}.Debug|Any CPU.ActiveCfg = Debug|Any CPU
		{5120DE55-9E3D-4E71-A258-0B6FA9704148}.Debug|Any CPU.Build.0 = Debug|Any CPU
		{5120DE55-9E3D-4E71-A258-0B6FA9704148}.Release|Any CPU.ActiveCfg = Release|Any CPU
		{5120DE55-9E3D-4E71-A258-0B6FA9704148}.Release|Any CPU.Build.0 = Release|Any CPU
		{49CD5039-D4DA-470C-BC35-4F27C522F742}.Debug|Any CPU.ActiveCfg = Debug|Any CPU
		{49CD5039-D4DA-470C-BC35-4F27C522F742}.Debug|Any CPU.Build.0 = Debug|Any CPU
		{49CD5039-D4DA-470C-BC35-4F27C522F742}.Release|Any CPU.ActiveCfg = Release|Any CPU
		{49CD5039-D4DA-470C-BC35-4F27C522F742}.Release|Any CPU.Build.0 = Release|Any CPU
		{38BB5C25-7F45-4407-85FC-A06F38D685A4}.Debug|Any CPU.ActiveCfg = Debug|Any CPU
		{38BB5C25-7F45-4407-85FC-A06F38D685A4}.Debug|Any CPU.Build.0 = Debug|Any CPU
		{38BB5C25-7F45-4407-85FC-A06F38D685A4}.Release|Any CPU.ActiveCfg = Release|Any CPU
		{38BB5C25-7F45-4407-85FC-A06F38D685A4}.Release|Any CPU.Build.0 = Release|Any CPU
		{542567CE-10DB-43ED-BA70-2DA25BA78926}.Debug|Any CPU.ActiveCfg = Debug|Any CPU
		{542567CE-10DB-43ED-BA70-2DA25BA78926}.Debug|Any CPU.Build.0 = Debug|Any CPU
		{542567CE-10DB-43ED-BA70-2DA25BA78926}.Release|Any CPU.ActiveCfg = Release|Any CPU
		{542567CE-10DB-43ED-BA70-2DA25BA78926}.Release|Any CPU.Build.0 = Release|Any CPU
		{2EFF5411-9AC6-438B-8778-1929F126DC3D}.Debug|Any CPU.ActiveCfg = Debug|Any CPU
		{2EFF5411-9AC6-438B-8778-1929F126DC3D}.Debug|Any CPU.Build.0 = Debug|Any CPU
		{2EFF5411-9AC6-438B-8778-1929F126DC3D}.Release|Any CPU.ActiveCfg = Release|Any CPU
		{2EFF5411-9AC6-438B-8778-1929F126DC3D}.Release|Any CPU.Build.0 = Release|Any CPU
		{C517D788-005A-4BE1-A908-84F75C81288E}.Debug|Any CPU.ActiveCfg = Debug|Any CPU
		{C517D788-005A-4BE1-A908-84F75C81288E}.Debug|Any CPU.Build.0 = Debug|Any CPU
		{C517D788-005A-4BE1-A908-84F75C81288E}.Release|Any CPU.ActiveCfg = Release|Any CPU
		{C517D788-005A-4BE1-A908-84F75C81288E}.Release|Any CPU.Build.0 = Release|Any CPU
		{687A30BE-5F77-4D0C-A8B8-C96CCFE504C8}.Debug|Any CPU.ActiveCfg = Debug|Any CPU
		{687A30BE-5F77-4D0C-A8B8-C96CCFE504C8}.Debug|Any CPU.Build.0 = Debug|Any CPU
		{687A30BE-5F77-4D0C-A8B8-C96CCFE504C8}.Release|Any CPU.ActiveCfg = Release|Any CPU
		{687A30BE-5F77-4D0C-A8B8-C96CCFE504C8}.Release|Any CPU.Build.0 = Release|Any CPU
		{F9EC389E-6764-4136-9C32-D04C353BB724}.Debug|Any CPU.ActiveCfg = Debug|Any CPU
		{F9EC389E-6764-4136-9C32-D04C353BB724}.Debug|Any CPU.Build.0 = Debug|Any CPU
		{F9EC389E-6764-4136-9C32-D04C353BB724}.Release|Any CPU.ActiveCfg = Release|Any CPU
		{F9EC389E-6764-4136-9C32-D04C353BB724}.Release|Any CPU.Build.0 = Release|Any CPU
		{5A9F9144-AEC3-4E65-94F4-79A567CF1B97}.Debug|Any CPU.ActiveCfg = Debug|Any CPU
		{5A9F9144-AEC3-4E65-94F4-79A567CF1B97}.Debug|Any CPU.Build.0 = Debug|Any CPU
		{5A9F9144-AEC3-4E65-94F4-79A567CF1B97}.Release|Any CPU.ActiveCfg = Release|Any CPU
		{5A9F9144-AEC3-4E65-94F4-79A567CF1B97}.Release|Any CPU.Build.0 = Release|Any CPU
		{FFB7EC01-8F6B-4F13-A375-E31D468F1D7E}.Debug|Any CPU.ActiveCfg = Debug|Any CPU
		{FFB7EC01-8F6B-4F13-A375-E31D468F1D7E}.Debug|Any CPU.Build.0 = Debug|Any CPU
		{FFB7EC01-8F6B-4F13-A375-E31D468F1D7E}.Release|Any CPU.ActiveCfg = Release|Any CPU
		{FFB7EC01-8F6B-4F13-A375-E31D468F1D7E}.Release|Any CPU.Build.0 = Release|Any CPU
		{0AF81A0B-3002-43F9-A0AF-730A129C83A4}.Debug|Any CPU.ActiveCfg = Debug|Any CPU
		{0AF81A0B-3002-43F9-A0AF-730A129C83A4}.Debug|Any CPU.Build.0 = Debug|Any CPU
		{0AF81A0B-3002-43F9-A0AF-730A129C83A4}.Release|Any CPU.ActiveCfg = Release|Any CPU
		{0AF81A0B-3002-43F9-A0AF-730A129C83A4}.Release|Any CPU.Build.0 = Release|Any CPU
		{15B163F7-A178-444A-A38B-D8FBE22DA37C}.Debug|Any CPU.ActiveCfg = Debug|Any CPU
		{15B163F7-A178-444A-A38B-D8FBE22DA37C}.Debug|Any CPU.Build.0 = Debug|Any CPU
		{15B163F7-A178-444A-A38B-D8FBE22DA37C}.Release|Any CPU.ActiveCfg = Release|Any CPU
		{15B163F7-A178-444A-A38B-D8FBE22DA37C}.Release|Any CPU.Build.0 = Release|Any CPU
		{50332126-7EAF-41DB-A12F-A8F7F1BE0385}.Debug|Any CPU.ActiveCfg = Debug|Any CPU
		{50332126-7EAF-41DB-A12F-A8F7F1BE0385}.Debug|Any CPU.Build.0 = Debug|Any CPU
		{50332126-7EAF-41DB-A12F-A8F7F1BE0385}.Release|Any CPU.ActiveCfg = Release|Any CPU
		{50332126-7EAF-41DB-A12F-A8F7F1BE0385}.Release|Any CPU.Build.0 = Release|Any CPU
	EndGlobalSection
	GlobalSection(NestedProjects) = preSolution
		{3AE6B600-7CDE-4B90-AF15-A4194C74CA43} = {16E09E7B-F3DF-4983-BAF8-1EAF039D7545}
		{875F863C-3090-4AFC-8FB6-81BE1290AEC1} = {16E09E7B-F3DF-4983-BAF8-1EAF039D7545}
		{8935E5E2-E7EB-4F99-AB58-B798819C5217} = {08B92F20-31AB-472F-B38F-B97C93BFE551}
		{58E84312-DB83-42CA-A92D-25E388F90787} = {08B92F20-31AB-472F-B38F-B97C93BFE551}
		{CB41C5DE-2392-4F65-855F-D423BCED611C} = {08B92F20-31AB-472F-B38F-B97C93BFE551}
		{5120DE55-9E3D-4E71-A258-0B6FA9704148} = {21BDB707-4648-41E1-8F02-70731A68649F}
		{49CD5039-D4DA-470C-BC35-4F27C522F742} = {190F05DD-F82D-4E74-BB58-6E7C083AE01D}
		{38BB5C25-7F45-4407-85FC-A06F38D685A4} = {190F05DD-F82D-4E74-BB58-6E7C083AE01D}
		{542567CE-10DB-43ED-BA70-2DA25BA78926} = {190F05DD-F82D-4E74-BB58-6E7C083AE01D}
		{2EFF5411-9AC6-438B-8778-1929F126DC3D} = {190F05DD-F82D-4E74-BB58-6E7C083AE01D}
		{C517D788-005A-4BE1-A908-84F75C81288E} = {190F05DD-F82D-4E74-BB58-6E7C083AE01D}
		{687A30BE-5F77-4D0C-A8B8-C96CCFE504C8} = {190F05DD-F82D-4E74-BB58-6E7C083AE01D}
		{F9EC389E-6764-4136-9C32-D04C353BB724} = {190F05DD-F82D-4E74-BB58-6E7C083AE01D}
		{5A9F9144-AEC3-4E65-94F4-79A567CF1B97} = {54A18D8C-EB92-4A7E-80B6-5D26B98F5BD5}
		{FFB7EC01-8F6B-4F13-A375-E31D468F1D7E} = {190F05DD-F82D-4E74-BB58-6E7C083AE01D}
		{0AF81A0B-3002-43F9-A0AF-730A129C83A4} = {190F05DD-F82D-4E74-BB58-6E7C083AE01D}
		{15B163F7-A178-444A-A38B-D8FBE22DA37C} = {190F05DD-F82D-4E74-BB58-6E7C083AE01D}
		{50332126-7EAF-41DB-A12F-A8F7F1BE0385} = {190F05DD-F82D-4E74-BB58-6E7C083AE01D}
	EndGlobalSection
EndGlobal
